
Microsoft Visual Studio Solution File, Format Version 12.00
# Visual Studio Version 16
VisualStudioVersion = 16.0.28922.388
MinimumVisualStudioVersion = 10.0.40219.1
Project("{9A19103F-16F7-4668-BE54-9A1E7A4F7556}") = "BattleShip.Web", "BattleShip\BattleShip.Web.csproj", "{5E5673F5-642F-481B-9943-E04D8BEEFEAC}"
EndProject
Project("{9A19103F-16F7-4668-BE54-9A1E7A4F7556}") = "BattleShip.Configurations", "BattleShip.Configurations\BattleShip.Configurations.csproj", "{CAEEC8FD-656F-47CC-842C-CDC423FB5729}"
EndProject
Project("{FAE04EC0-301F-11D3-BF4B-00C04F79EFBC}") = "BattleShip.DataAccess", "BattleShip.DataAccess\BattleShip.DataAccess.csproj", "{B2811EE9-0F11-4995-9A51-67172CAE5025}"
EndProject
Project("{FAE04EC0-301F-11D3-BF4B-00C04F79EFBC}") = "BattleShip.BusinessLogic", "BattleShip.BusinessLogic\BattleShip.BusinessLogic.csproj", "{0B461456-88CD-414D-9952-ED4EA5B54FE4}"
EndProject
Project("{FAE04EC0-301F-11D3-BF4B-00C04F79EFBC}") = "BattleShip.Models", "BattleShip.Models\BattleShip.Models.csproj", "{5DA5010B-66F7-40D6-BD12-0E755DDC53C0}"
EndProject
Global
	GlobalSection(SolutionConfigurationPlatforms) = preSolution
		Debug|Any CPU = Debug|Any CPU
		Release|Any CPU = Release|Any CPU
	EndGlobalSection
	GlobalSection(ProjectConfigurationPlatforms) = postSolution
		{5E5673F5-642F-481B-9943-E04D8BEEFEAC}.Debug|Any CPU.ActiveCfg = Debug|Any CPU
		{5E5673F5-642F-481B-9943-E04D8BEEFEAC}.Debug|Any CPU.Build.0 = Debug|Any CPU
		{5E5673F5-642F-481B-9943-E04D8BEEFEAC}.Release|Any CPU.ActiveCfg = Release|Any CPU
		{5E5673F5-642F-481B-9943-E04D8BEEFEAC}.Release|Any CPU.Build.0 = Release|Any CPU
		{CAEEC8FD-656F-47CC-842C-CDC423FB5729}.Debug|Any CPU.ActiveCfg = Debug|Any CPU
		{CAEEC8FD-656F-47CC-842C-CDC423FB5729}.Debug|Any CPU.Build.0 = Debug|Any CPU
		{CAEEC8FD-656F-47CC-842C-CDC423FB5729}.Release|Any CPU.ActiveCfg = Release|Any CPU
		{CAEEC8FD-656F-47CC-842C-CDC423FB5729}.Release|Any CPU.Build.0 = Release|Any CPU
		{B2811EE9-0F11-4995-9A51-67172CAE5025}.Debug|Any CPU.ActiveCfg = Debug|Any CPU
		{B2811EE9-0F11-4995-9A51-67172CAE5025}.Debug|Any CPU.Build.0 = Debug|Any CPU
		{B2811EE9-0F11-4995-9A51-67172CAE5025}.Release|Any CPU.ActiveCfg = Release|Any CPU
		{B2811EE9-0F11-4995-9A51-67172CAE5025}.Release|Any CPU.Build.0 = Release|Any CPU
		{0B461456-88CD-414D-9952-ED4EA5B54FE4}.Debug|Any CPU.ActiveCfg = Debug|Any CPU
		{0B461456-88CD-414D-9952-ED4EA5B54FE4}.Debug|Any CPU.Build.0 = Debug|Any CPU
		{0B461456-88CD-414D-9952-ED4EA5B54FE4}.Release|Any CPU.ActiveCfg = Release|Any CPU
		{0B461456-88CD-414D-9952-ED4EA5B54FE4}.Release|Any CPU.Build.0 = Release|Any CPU
		{5DA5010B-66F7-40D6-BD12-0E755DDC53C0}.Debug|Any CPU.ActiveCfg = Debug|Any CPU
		{5DA5010B-66F7-40D6-BD12-0E755DDC53C0}.Debug|Any CPU.Build.0 = Debug|Any CPU
		{5DA5010B-66F7-40D6-BD12-0E755DDC53C0}.Release|Any CPU.ActiveCfg = Release|Any CPU
		{5DA5010B-66F7-40D6-BD12-0E755DDC53C0}.Release|Any CPU.Build.0 = Release|Any CPU
	EndGlobalSection
	GlobalSection(SolutionProperties) = preSolution
		HideSolutionNode = FALSE
	EndGlobalSection
	GlobalSection(ExtensibilityGlobals) = postSolution
		SolutionGuid = {86F89F2C-EEAE-4273-8B6D-2725EFB746D3}
	EndGlobalSection
EndGlobal
